{
  "object": {
    "pins": [
      {
        "package": "HYSwiftPackageLibrary",
        "repositoryURL": "https://github.com/abaothong/SwiftPackage.git",
        "state": {
          "branch": "master",
          "revision": "2b3c243fb3274397f8a9c8d68d49142b6279fc52",
          "version": null
        }
      }
    ]
  },
  "version": 1
}
